
Microsoft Visual Studio Solution File, Format Version 12.00
# Visual Studio Version 17
VisualStudioVersion = 17.13.35919.96 d17.13
MinimumVisualStudioVersion = 10.0.40219.1
Project("{FAE04EC0-301F-11D3-BF4B-00C04F79EFBC}") = "DictionaryLessons", "DictionaryLessons\DictionaryLessons.csproj", "{EAC74C7E-8CD4-4F2E-B22A-4EFE9FAA0516}"
EndProject
Global
	GlobalSection(SolutionConfigurationPlatforms) = preSolution
		Debug|Any CPU = Debug|Any CPU
		Release|Any CPU = Release|Any CPU
	EndGlobalSection
	GlobalSection(ProjectConfigurationPlatforms) = postSolution
		{EAC74C7E-8CD4-4F2E-B22A-4EFE9FAA0516}.Debug|Any CPU.ActiveCfg = Debug|Any CPU
		{EAC74C7E-8CD4-4F2E-B22A-4EFE9FAA0516}.Debug|Any CPU.Build.0 = Debug|Any CPU
		{EAC74C7E-8CD4-4F2E-B22A-4EFE9FAA0516}.Release|Any CPU.ActiveCfg = Release|Any CPU
		{EAC74C7E-8CD4-4F2E-B22A-4EFE9FAA0516}.Release|Any CPU.Build.0 = Release|Any CPU
	EndGlobalSection
	GlobalSection(SolutionProperties) = preSolution
		HideSolutionNode = FALSE
	EndGlobalSection
	GlobalSection(ExtensibilityGlobals) = postSolution
		SolutionGuid = {6711859A-D2DF-4CAF-96C9-2F96B3226BE3}
	EndGlobalSection
EndGlobal
